
Microsoft Visual Studio Solution File, Format Version 12.00
# Visual Studio Version 16
VisualStudioVersion = 16.0.29905.134
MinimumVisualStudioVersion = 10.0.40219.1
Project("{FAE04EC0-301F-11D3-BF4B-00C04F79EFBC}") = "AppXamarinFormsLayouts.UWP", "AppXamarinFormsLayouts\AppXamarinFormsLayouts.UWP\AppXamarinFormsLayouts.UWP.csproj", "{2BF26FC2-BE0F-497A-972C-8ECA0A400635}"
EndProject
Project("{FAE04EC0-301F-11D3-BF4B-00C04F79EFBC}") = "AppXamarinFormsLayouts.Android", "AppXamarinFormsLayouts\AppXamarinFormsLayouts.Android\AppXamarinFormsLayouts.Android.csproj", "{97B729A1-6EF5-4DE8-A7CA-6288E46868AE}"
EndProject
Project("{FAE04EC0-301F-11D3-BF4B-00C04F79EFBC}") = "AppXamarinFormsLayouts.iOS", "AppXamarinFormsLayouts\AppXamarinFormsLayouts.iOS\AppXamarinFormsLayouts.iOS.csproj", "{2D1C1D02-CEE1-4A25-8BB1-26B92F3563BF}"
EndProject
Project("{FAE04EC0-301F-11D3-BF4B-00C04F79EFBC}") = "AppXamarinFormsLayouts", "AppXamarinFormsLayouts\AppXamarinFormsLayouts\AppXamarinFormsLayouts.csproj", "{19743C55-3A51-41D6-B768-9ECE60237404}"
EndProject
Global
	GlobalSection(SolutionConfigurationPlatforms) = preSolution
		Debug|Any CPU = Debug|Any CPU
		Debug|ARM = Debug|ARM
		Debug|iPhone = Debug|iPhone
		Debug|iPhoneSimulator = Debug|iPhoneSimulator
		Debug|x64 = Debug|x64
		Debug|x86 = Debug|x86
		Release|Any CPU = Release|Any CPU
		Release|ARM = Release|ARM
		Release|iPhone = Release|iPhone
		Release|iPhoneSimulator = Release|iPhoneSimulator
		Release|x64 = Release|x64
		Release|x86 = Release|x86
	EndGlobalSection
	GlobalSection(ProjectConfigurationPlatforms) = postSolution
		{2BF26FC2-BE0F-497A-972C-8ECA0A400635}.Debug|Any CPU.ActiveCfg = Debug|x86
		{2BF26FC2-BE0F-497A-972C-8ECA0A400635}.Debug|Any CPU.Build.0 = Debug|x86
		{2BF26FC2-BE0F-497A-972C-8ECA0A400635}.Debug|Any CPU.Deploy.0 = Debug|x86
		{2BF26FC2-BE0F-497A-972C-8ECA0A400635}.Debug|ARM.ActiveCfg = Debug|ARM
		{2BF26FC2-BE0F-497A-972C-8ECA0A400635}.Debug|ARM.Build.0 = Debug|ARM
		{2BF26FC2-BE0F-497A-972C-8ECA0A400635}.Debug|ARM.Deploy.0 = Debug|ARM
		{2BF26FC2-BE0F-497A-972C-8ECA0A400635}.Debug|iPhone.ActiveCfg = Debug|x86
		{2BF26FC2-BE0F-497A-972C-8ECA0A400635}.Debug|iPhone.Build.0 = Debug|x86
		{2BF26FC2-BE0F-497A-972C-8ECA0A400635}.Debug|iPhone.Deploy.0 = Debug|x86
		{2BF26FC2-BE0F-497A-972C-8ECA0A400635}.Debug|iPhoneSimulator.ActiveCfg = Debug|x86
		{2BF26FC2-BE0F-497A-972C-8ECA0A400635}.Debug|iPhoneSimulator.Build.0 = Debug|x86
		{2BF26FC2-BE0F-497A-972C-8ECA0A400635}.Debug|iPhoneSimulator.Deploy.0 = Debug|x86
		{2BF26FC2-BE0F-497A-972C-8ECA0A400635}.Debug|x64.ActiveCfg = Debug|x64
		{2BF26FC2-BE0F-497A-972C-8ECA0A400635}.Debug|x64.Build.0 = Debug|x64
		{2BF26FC2-BE0F-497A-972C-8ECA0A400635}.Debug|x64.Deploy.0 = Debug|x64
		{2BF26FC2-BE0F-497A-972C-8ECA0A400635}.Debug|x86.ActiveCfg = Debug|x86
		{2BF26FC2-BE0F-497A-972C-8ECA0A400635}.Debug|x86.Build.0 = Debug|x86
		{2BF26FC2-BE0F-497A-972C-8ECA0A400635}.Debug|x86.Deploy.0 = Debug|x86
		{2BF26FC2-BE0F-497A-972C-8ECA0A400635}.Release|Any CPU.ActiveCfg = Release|x86
		{2BF26FC2-BE0F-497A-972C-8ECA0A400635}.Release|Any CPU.Build.0 = Release|x86
		{2BF26FC2-BE0F-497A-972C-8ECA0A400635}.Release|Any CPU.Deploy.0 = Release|x86
		{2BF26FC2-BE0F-497A-972C-8ECA0A400635}.Release|ARM.ActiveCfg = Release|ARM
		{2BF26FC2-BE0F-497A-972C-8ECA0A400635}.Release|ARM.Build.0 = Release|ARM
		{2BF26FC2-BE0F-497A-972C-8ECA0A400635}.Release|ARM.Deploy.0 = Release|ARM
		{2BF26FC2-BE0F-497A-972C-8ECA0A400635}.Release|iPhone.ActiveCfg = Release|x86
		{2BF26FC2-BE0F-497A-972C-8ECA0A400635}.Release|iPhone.Build.0 = Release|x86
		{2BF26FC2-BE0F-497A-972C-8ECA0A400635}.Release|iPhone.Deploy.0 = Release|x86
		{2BF26FC2-BE0F-497A-972C-8ECA0A400635}.Release|iPhoneSimulator.ActiveCfg = Release|x86
		{2BF26FC2-BE0F-497A-972C-8ECA0A400635}.Release|iPhoneSimulator.Build.0 = Release|x86
		{2BF26FC2-BE0F-497A-972C-8ECA0A400635}.Release|iPhoneSimulator.Deploy.0 = Release|x86
		{2BF26FC2-BE0F-497A-972C-8ECA0A400635}.Release|x64.ActiveCfg = Release|x64
		{2BF26FC2-BE0F-497A-972C-8ECA0A400635}.Release|x64.Build.0 = Release|x64
		{2BF26FC2-BE0F-497A-972C-8ECA0A400635}.Release|x64.Deploy.0 = Release|x64
		{2BF26FC2-BE0F-497A-972C-8ECA0A400635}.Release|x86.ActiveCfg = Release|x86
		{2BF26FC2-BE0F-497A-972C-8ECA0A400635}.Release|x86.Build.0 = Release|x86
		{2BF26FC2-BE0F-497A-972C-8ECA0A400635}.Release|x86.Deploy.0 = Release|x86
		{97B729A1-6EF5-4DE8-A7CA-6288E46868AE}.Debug|Any CPU.ActiveCfg = Debug|Any CPU
		{97B729A1-6EF5-4DE8-A7CA-6288E46868AE}.Debug|Any CPU.Build.0 = Debug|Any CPU
		{97B729A1-6EF5-4DE8-A7CA-6288E46868AE}.Debug|Any CPU.Deploy.0 = Debug|Any CPU
		{97B729A1-6EF5-4DE8-A7CA-6288E46868AE}.Debug|ARM.ActiveCfg = Debug|Any CPU
		{97B729A1-6EF5-4DE8-A7CA-6288E46868AE}.Debug|ARM.Build.0 = Debug|Any CPU
		{97B729A1-6EF5-4DE8-A7CA-6288E46868AE}.Debug|ARM.Deploy.0 = Debug|Any CPU
		{97B729A1-6EF5-4DE8-A7CA-6288E46868AE}.Debug|iPhone.ActiveCfg = Debug|Any CPU
		{97B729A1-6EF5-4DE8-A7CA-6288E46868AE}.Debug|iPhone.Build.0 = Debug|Any CPU
		{97B729A1-6EF5-4DE8-A7CA-6288E46868AE}.Debug|iPhone.Deploy.0 = Debug|Any CPU
		{97B729A1-6EF5-4DE8-A7CA-6288E46868AE}.Debug|iPhoneSimulator.ActiveCfg = Debug|Any CPU
		{97B729A1-6EF5-4DE8-A7CA-6288E46868AE}.Debug|iPhoneSimulator.Build.0 = Debug|Any CPU
		{97B729A1-6EF5-4DE8-A7CA-6288E46868AE}.Debug|iPhoneSimulator.Deploy.0 = Debug|Any CPU
		{97B729A1-6EF5-4DE8-A7CA-6288E46868AE}.Debug|x64.ActiveCfg = Debug|Any CPU
		{97B729A1-6EF5-4DE8-A7CA-6288E46868AE}.Debug|x64.Build.0 = Debug|Any CPU
		{97B729A1-6EF5-4DE8-A7CA-6288E46868AE}.Debug|x64.Deploy.0 = Debug|Any CPU
		{97B729A1-6EF5-4DE8-A7CA-6288E46868AE}.Debug|x86.ActiveCfg = Debug|Any CPU
		{97B729A1-6EF5-4DE8-A7CA-6288E46868AE}.Debug|x86.Build.0 = Debug|Any CPU
		{97B729A1-6EF5-4DE8-A7CA-6288E46868AE}.Debug|x86.Deploy.0 = Debug|Any CPU
		{97B729A1-6EF5-4DE8-A7CA-6288E46868AE}.Release|Any CPU.ActiveCfg = Release|Any CPU
		{97B729A1-6EF5-4DE8-A7CA-6288E46868AE}.Release|Any CPU.Build.0 = Release|Any CPU
		{97B729A1-6EF5-4DE8-A7CA-6288E46868AE}.Release|Any CPU.Deploy.0 = Release|Any CPU
		{97B729A1-6EF5-4DE8-A7CA-6288E46868AE}.Release|ARM.ActiveCfg = Release|Any CPU
		{97B729A1-6EF5-4DE8-A7CA-6288E46868AE}.Release|ARM.Build.0 = Release|Any CPU
		{97B729A1-6EF5-4DE8-A7CA-6288E46868AE}.Release|ARM.Deploy.0 = Release|Any CPU
		{97B729A1-6EF5-4DE8-A7CA-6288E46868AE}.Release|iPhone.ActiveCfg = Release|Any CPU
		{97B729A1-6EF5-4DE8-A7CA-6288E46868AE}.Release|iPhone.Build.0 = Release|Any CPU
		{97B729A1-6EF5-4DE8-A7CA-6288E46868AE}.Release|iPhone.Deploy.0 = Release|Any CPU
		{97B729A1-6EF5-4DE8-A7CA-6288E46868AE}.Release|iPhoneSimulator.ActiveCfg = Release|Any CPU
		{97B729A1-6EF5-4DE8-A7CA-6288E46868AE}.Release|iPhoneSimulator.Build.0 = Release|Any CPU
		{97B729A1-6EF5-4DE8-A7CA-6288E46868AE}.Release|iPhoneSimulator.Deploy.0 = Release|Any CPU
		{97B729A1-6EF5-4DE8-A7CA-6288E46868AE}.Release|x64.ActiveCfg = Release|Any CPU
		{97B729A1-6EF5-4DE8-A7CA-6288E46868AE}.Release|x64.Build.0 = Release|Any CPU
		{97B729A1-6EF5-4DE8-A7CA-6288E46868AE}.Release|x64.Deploy.0 = Release|Any CPU
		{97B729A1-6EF5-4DE8-A7CA-6288E46868AE}.Release|x86.ActiveCfg = Release|Any CPU
		{97B729A1-6EF5-4DE8-A7CA-6288E46868AE}.Release|x86.Build.0 = Release|Any CPU
		{97B729A1-6EF5-4DE8-A7CA-6288E46868AE}.Release|x86.Deploy.0 = Release|Any CPU
		{2D1C1D02-CEE1-4A25-8BB1-26B92F3563BF}.Debug|Any CPU.ActiveCfg = Debug|iPhone
		{2D1C1D02-CEE1-4A25-8BB1-26B92F3563BF}.Debug|Any CPU.Build.0 = Debug|iPhone
		{2D1C1D02-CEE1-4A25-8BB1-26B92F3563BF}.Debug|Any CPU.Deploy.0 = Debug|iPhone
		{2D1C1D02-CEE1-4A25-8BB1-26B92F3563BF}.Debug|ARM.ActiveCfg = Debug|iPhoneSimulator
		{2D1C1D02-CEE1-4A25-8BB1-26B92F3563BF}.Debug|ARM.Build.0 = Debug|iPhoneSimulator
		{2D1C1D02-CEE1-4A25-8BB1-26B92F3563BF}.Debug|ARM.Deploy.0 = Debug|iPhoneSimulator
		{2D1C1D02-CEE1-4A25-8BB1-26B92F3563BF}.Debug|iPhone.ActiveCfg = Debug|iPhone
		{2D1C1D02-CEE1-4A25-8BB1-26B92F3563BF}.Debug|iPhone.Build.0 = Debug|iPhone
		{2D1C1D02-CEE1-4A25-8BB1-26B92F3563BF}.Debug|iPhone.Deploy.0 = Debug|iPhone
		{2D1C1D02-CEE1-4A25-8BB1-26B92F3563BF}.Debug|iPhoneSimulator.ActiveCfg = Debug|iPhoneSimulator
		{2D1C1D02-CEE1-4A25-8BB1-26B92F3563BF}.Debug|iPhoneSimulator.Build.0 = Debug|iPhoneSimulator
		{2D1C1D02-CEE1-4A25-8BB1-26B92F3563BF}.Debug|iPhoneSimulator.Deploy.0 = Debug|iPhoneSimulator
		{2D1C1D02-CEE1-4A25-8BB1-26B92F3563BF}.Debug|x64.ActiveCfg = Debug|iPhone
		{2D1C1D02-CEE1-4A25-8BB1-26B92F3563BF}.Debug|x64.Build.0 = Debug|iPhone
		{2D1C1D02-CEE1-4A25-8BB1-26B92F3563BF}.Debug|x64.Deploy.0 = Debug|iPhone
		{2D1C1D02-CEE1-4A25-8BB1-26B92F3563BF}.Debug|x86.ActiveCfg = Debug|iPhone
		{2D1C1D02-CEE1-4A25-8BB1-26B92F3563BF}.Debug|x86.Build.0 = Debug|iPhone
		{2D1C1D02-CEE1-4A25-8BB1-26B92F3563BF}.Debug|x86.Deploy.0 = Debug|iPhone
		{2D1C1D02-CEE1-4A25-8BB1-26B92F3563BF}.Release|Any CPU.ActiveCfg = Release|iPhone
		{2D1C1D02-CEE1-4A25-8BB1-26B92F3563BF}.Release|Any CPU.Build.0 = Release|iPhone
		{2D1C1D02-CEE1-4A25-8BB1-26B92F3563BF}.Release|Any CPU.Deploy.0 = Release|iPhone
		{2D1C1D02-CEE1-4A25-8BB1-26B92F3563BF}.Release|ARM.ActiveCfg = Release|iPhone
		{2D1C1D02-CEE1-4A25-8BB1-26B92F3563BF}.Release|ARM.Build.0 = Release|iPhone
		{2D1C1D02-CEE1-4A25-8BB1-26B92F3563BF}.Release|ARM.Deploy.0 = Release|iPhone
		{2D1C1D02-CEE1-4A25-8BB1-26B92F3563BF}.Release|iPhone.ActiveCfg = Release|iPhone
		{2D1C1D02-CEE1-4A25-8BB1-26B92F3563BF}.Release|iPhone.Build.0 = Release|iPhone
		{2D1C1D02-CEE1-4A25-8BB1-26B92F3563BF}.Release|iPhone.Deploy.0 = Release|iPhone
		{2D1C1D02-CEE1-4A25-8BB1-26B92F3563BF}.Release|iPhoneSimulator.ActiveCfg = Release|iPhoneSimulator
		{2D1C1D02-CEE1-4A25-8BB1-26B92F3563BF}.Release|iPhoneSimulator.Build.0 = Release|iPhoneSimulator
		{2D1C1D02-CEE1-4A25-8BB1-26B92F3563BF}.Release|iPhoneSimulator.Deploy.0 = Release|iPhoneSimulator
		{2D1C1D02-CEE1-4A25-8BB1-26B92F3563BF}.Release|x64.ActiveCfg = Release|iPhone
		{2D1C1D02-CEE1-4A25-8BB1-26B92F3563BF}.Release|x64.Build.0 = Release|iPhone
		{2D1C1D02-CEE1-4A25-8BB1-26B92F3563BF}.Release|x64.Deploy.0 = Release|iPhone
		{2D1C1D02-CEE1-4A25-8BB1-26B92F3563BF}.Release|x86.ActiveCfg = Release|iPhone
		{2D1C1D02-CEE1-4A25-8BB1-26B92F3563BF}.Release|x86.Build.0 = Release|iPhone
		{2D1C1D02-CEE1-4A25-8BB1-26B92F3563BF}.Release|x86.Deploy.0 = Release|iPhone
		{19743C55-3A51-41D6-B768-9ECE60237404}.Debug|Any CPU.ActiveCfg = Debug|Any CPU
		{19743C55-3A51-41D6-B768-9ECE60237404}.Debug|Any CPU.Build.0 = Debug|Any CPU
		{19743C55-3A51-41D6-B768-9ECE60237404}.Debug|Any CPU.Deploy.0 = Debug|Any CPU
		{19743C55-3A51-41D6-B768-9ECE60237404}.Debug|ARM.ActiveCfg = Debug|Any CPU
		{19743C55-3A51-41D6-B768-9ECE60237404}.Debug|ARM.Build.0 = Debug|Any CPU
		{19743C55-3A51-41D6-B768-9ECE60237404}.Debug|ARM.Deploy.0 = Debug|Any CPU
		{19743C55-3A51-41D6-B768-9ECE60237404}.Debug|iPhone.ActiveCfg = Debug|Any CPU
		{19743C55-3A51-41D6-B768-9ECE60237404}.Debug|iPhone.Build.0 = Debug|Any CPU
		{19743C55-3A51-41D6-B768-9ECE60237404}.Debug|iPhone.Deploy.0 = Debug|Any CPU
		{19743C55-3A51-41D6-B768-9ECE60237404}.Debug|iPhoneSimulator.ActiveCfg = Debug|Any CPU
		{19743C55-3A51-41D6-B768-9ECE60237404}.Debug|iPhoneSimulator.Build.0 = Debug|Any CPU
		{19743C55-3A51-41D6-B768-9ECE60237404}.Debug|iPhoneSimulator.Deploy.0 = Debug|Any CPU
		{19743C55-3A51-41D6-B768-9ECE60237404}.Debug|x64.ActiveCfg = Debug|Any CPU
		{19743C55-3A51-41D6-B768-9ECE60237404}.Debug|x64.Build.0 = Debug|Any CPU
		{19743C55-3A51-41D6-B768-9ECE60237404}.Debug|x64.Deploy.0 = Debug|Any CPU
		{19743C55-3A51-41D6-B768-9ECE60237404}.Debug|x86.ActiveCfg = Debug|Any CPU
		{19743C55-3A51-41D6-B768-9ECE60237404}.Debug|x86.Build.0 = Debug|Any CPU
		{19743C55-3A51-41D6-B768-9ECE60237404}.Debug|x86.Deploy.0 = Debug|Any CPU
		{19743C55-3A51-41D6-B768-9ECE60237404}.Release|Any CPU.ActiveCfg = Release|Any CPU
		{19743C55-3A51-41D6-B768-9ECE60237404}.Release|Any CPU.Build.0 = Release|Any CPU
		{19743C55-3A51-41D6-B768-9ECE60237404}.Release|Any CPU.Deploy.0 = Release|Any CPU
		{19743C55-3A51-41D6-B768-9ECE60237404}.Release|ARM.ActiveCfg = Release|Any CPU
		{19743C55-3A51-41D6-B768-9ECE60237404}.Release|ARM.Build.0 = Release|Any CPU
		{19743C55-3A51-41D6-B768-9ECE60237404}.Release|ARM.Deploy.0 = Release|Any CPU
		{19743C55-3A51-41D6-B768-9ECE60237404}.Release|iPhone.ActiveCfg = Release|Any CPU
		{19743C55-3A51-41D6-B768-9ECE60237404}.Release|iPhone.Build.0 = Release|Any CPU
		{19743C55-3A51-41D6-B768-9ECE60237404}.Release|iPhone.Deploy.0 = Release|Any CPU
		{19743C55-3A51-41D6-B768-9ECE60237404}.Release|iPhoneSimulator.ActiveCfg = Release|Any CPU
		{19743C55-3A51-41D6-B768-9ECE60237404}.Release|iPhoneSimulator.Build.0 = Release|Any CPU
		{19743C55-3A51-41D6-B768-9ECE60237404}.Release|iPhoneSimulator.Deploy.0 = Release|Any CPU
		{19743C55-3A51-41D6-B768-9ECE60237404}.Release|x64.ActiveCfg = Release|Any CPU
		{19743C55-3A51-41D6-B768-9ECE60237404}.Release|x64.Build.0 = Release|Any CPU
		{19743C55-3A51-41D6-B768-9ECE60237404}.Release|x64.Deploy.0 = Release|Any CPU
		{19743C55-3A51-41D6-B768-9ECE60237404}.Release|x86.ActiveCfg = Release|Any CPU
		{19743C55-3A51-41D6-B768-9ECE60237404}.Release|x86.Build.0 = Release|Any CPU
		{19743C55-3A51-41D6-B768-9ECE60237404}.Release|x86.Deploy.0 = Release|Any CPU
	EndGlobalSection
	GlobalSection(SolutionProperties) = preSolution
		HideSolutionNode = FALSE
	EndGlobalSection
	GlobalSection(ExtensibilityGlobals) = postSolution
		SolutionGuid = {74DE8B1F-4474-475D-B63A-4ECD1F5F86BE}
	EndGlobalSection
EndGlobal
